
Microsoft Visual Studio Solution File, Format Version 12.00
# Visual Studio 15
VisualStudioVersion = 15.0.26430.16
MinimumVisualStudioVersion = 10.0.40219.1
Project("{FAE04EC0-301F-11D3-BF4B-00C04F79EFBC}") = "BigProject", "BigProject.csproj", "{E9548C89-7D61-47F2-B002-C11A36BFD566}"
EndProject
Project("{FAE04EC0-301F-11D3-BF4B-00C04F79EFBC}") = "UnitTestNameOf", "UnitTestNameOf\UnitTestNameOf.csproj", "{5FED3F61-77DB-4E6D-A0A2-E1DBBC96A7BE}"
EndProject
Project("{FAE04EC0-301F-11D3-BF4B-00C04F79EFBC}") = "BigNameOf", "TestBigNameOf\BigNameOf.csproj", "{F4F2AD1F-FD04-4A57-B254-68AE31A239A2}"
EndProject
Project("{9A19103F-16F7-4668-BE54-9A1E7A4F7556}") = "UnitTests", "UnitTests\UnitTests.csproj", "{7840E62F-38E0-4AA6-B1EC-598619A51C72}"
EndProject
Project("{FAE04EC0-301F-11D3-BF4B-00C04F79EFBC}") = "BigLiteral", "TestBigLiteral\BigLiteral.csproj", "{0336AE13-3074-4455-B470-910D143556B1}"
EndProject
Global
	GlobalSection(SolutionConfigurationPlatforms) = preSolution
		Debug|Any CPU = Debug|Any CPU
		Release|Any CPU = Release|Any CPU
	EndGlobalSection
	GlobalSection(ProjectConfigurationPlatforms) = postSolution
		{E9548C89-7D61-47F2-B002-C11A36BFD566}.Debug|Any CPU.ActiveCfg = Debug|Any CPU
		{E9548C89-7D61-47F2-B002-C11A36BFD566}.Debug|Any CPU.Build.0 = Debug|Any CPU
		{E9548C89-7D61-47F2-B002-C11A36BFD566}.Release|Any CPU.ActiveCfg = Release|Any CPU
		{E9548C89-7D61-47F2-B002-C11A36BFD566}.Release|Any CPU.Build.0 = Release|Any CPU
		{5FED3F61-77DB-4E6D-A0A2-E1DBBC96A7BE}.Debug|Any CPU.ActiveCfg = Debug|Any CPU
		{5FED3F61-77DB-4E6D-A0A2-E1DBBC96A7BE}.Debug|Any CPU.Build.0 = Debug|Any CPU
		{5FED3F61-77DB-4E6D-A0A2-E1DBBC96A7BE}.Release|Any CPU.ActiveCfg = Release|Any CPU
		{5FED3F61-77DB-4E6D-A0A2-E1DBBC96A7BE}.Release|Any CPU.Build.0 = Release|Any CPU
		{F4F2AD1F-FD04-4A57-B254-68AE31A239A2}.Debug|Any CPU.ActiveCfg = Debug|Any CPU
		{F4F2AD1F-FD04-4A57-B254-68AE31A239A2}.Debug|Any CPU.Build.0 = Debug|Any CPU
		{F4F2AD1F-FD04-4A57-B254-68AE31A239A2}.Release|Any CPU.ActiveCfg = Release|Any CPU
		{F4F2AD1F-FD04-4A57-B254-68AE31A239A2}.Release|Any CPU.Build.0 = Release|Any CPU
		{7840E62F-38E0-4AA6-B1EC-598619A51C72}.Debug|Any CPU.ActiveCfg = Debug|Any CPU
		{7840E62F-38E0-4AA6-B1EC-598619A51C72}.Debug|Any CPU.Build.0 = Debug|Any CPU
		{7840E62F-38E0-4AA6-B1EC-598619A51C72}.Release|Any CPU.ActiveCfg = Release|Any CPU
		{7840E62F-38E0-4AA6-B1EC-598619A51C72}.Release|Any CPU.Build.0 = Release|Any CPU
		{0336AE13-3074-4455-B470-910D143556B1}.Debug|Any CPU.ActiveCfg = Debug|Any CPU
		{0336AE13-3074-4455-B470-910D143556B1}.Debug|Any CPU.Build.0 = Debug|Any CPU
		{0336AE13-3074-4455-B470-910D143556B1}.Release|Any CPU.ActiveCfg = Release|Any CPU
		{0336AE13-3074-4455-B470-910D143556B1}.Release|Any CPU.Build.0 = Release|Any CPU
	EndGlobalSection
	GlobalSection(SolutionProperties) = preSolution
		HideSolutionNode = FALSE
	EndGlobalSection
	GlobalSection(ExtensibilityGlobals) = postSolution
		SolutionGuid = {EE3C5AE2-0A9F-4FE0-BFAE-1356C9B7B03E}
	EndGlobalSection
EndGlobal
